
Microsoft Visual Studio Solution File, Format Version 12.00
# Visual Studio Version 16
VisualStudioVersion = 16.0.30907.101
MinimumVisualStudioVersion = 10.0.40219.1
Project("{9A19103F-16F7-4668-BE54-9A1E7A4F7556}") = "KKBank.Web", "KKBank\KKBank.Web.csproj", "{81D548B7-F20D-4CFF-BF10-59A5BF9A7313}"
EndProject
Project("{2150E333-8FDC-42A3-9474-1A3956D46DE8}") = "Data", "Data", "{F9ECF5A0-2533-4D88-B5DC-EE3855AFE43A}"
EndProject
Project("{9A19103F-16F7-4668-BE54-9A1E7A4F7556}") = "KKBank.Data", "KKBank.Data\KKBank.Data.csproj", "{6BB4936A-0C53-4C12-8C18-433A21A01715}"
EndProject
Project("{9A19103F-16F7-4668-BE54-9A1E7A4F7556}") = "KKBank.Data.Models", "KKBank.Data.Models\KKBank.Data.Models.csproj", "{CBACE206-913F-42F2-AAA7-7E25B1A64889}"
EndProject
Project("{9A19103F-16F7-4668-BE54-9A1E7A4F7556}") = "KKBank.Data.Common", "KKBank.Data.Common\KKBank.Data.Common.csproj", "{0AA3A4AD-4361-4A02-B70A-4C44382CEF24}"
EndProject
Project("{2150E333-8FDC-42A3-9474-1A3956D46DE8}") = "Services", "Services", "{A3908711-CC33-40D6-9524-166927E9D13C}"
EndProject
Project("{2150E333-8FDC-42A3-9474-1A3956D46DE8}") = "Web", "Web", "{E6FF5E57-E305-4DBD-9E73-130C11A4602C}"
EndProject
Project("{9A19103F-16F7-4668-BE54-9A1E7A4F7556}") = "KKBank.Web.ViewModels", "KKBank.Web.ViewModels\KKBank.Web.ViewModels.csproj", "{D04F76C0-AA20-41C1-8A9B-CCF14E3FA05D}"
EndProject
Project("{9A19103F-16F7-4668-BE54-9A1E7A4F7556}") = "KKBank.Services.Data", "KKBank.Services.Data\KKBank.Services.Data.csproj", "{DD229421-4DAA-4489-A5AC-FB970255861A}"
EndProject
Project("{9A19103F-16F7-4668-BE54-9A1E7A4F7556}") = "KKBank.Services.Messaging", "KKBank.Services.Messaging\KKBank.Services.Messaging.csproj", "{E8329D1E-F721-4221-8FA3-3B95862864C1}"
EndProject
Project("{FAE04EC0-301F-11D3-BF4B-00C04F79EFBC}") = "KKBank.Web.BO", "KKBank.Web.BO\KKBank.Web.BO.csproj", "{D2FF1443-A703-48AE-A942-39B40CB1BFE3}"
EndProject
Global
	GlobalSection(SolutionConfigurationPlatforms) = preSolution
		Debug|Any CPU = Debug|Any CPU
		Release|Any CPU = Release|Any CPU
	EndGlobalSection
	GlobalSection(ProjectConfigurationPlatforms) = postSolution
		{81D548B7-F20D-4CFF-BF10-59A5BF9A7313}.Debug|Any CPU.ActiveCfg = Debug|Any CPU
		{81D548B7-F20D-4CFF-BF10-59A5BF9A7313}.Debug|Any CPU.Build.0 = Debug|Any CPU
		{81D548B7-F20D-4CFF-BF10-59A5BF9A7313}.Release|Any CPU.ActiveCfg = Release|Any CPU
		{81D548B7-F20D-4CFF-BF10-59A5BF9A7313}.Release|Any CPU.Build.0 = Release|Any CPU
		{6BB4936A-0C53-4C12-8C18-433A21A01715}.Debug|Any CPU.ActiveCfg = Debug|Any CPU
		{6BB4936A-0C53-4C12-8C18-433A21A01715}.Debug|Any CPU.Build.0 = Debug|Any CPU
		{6BB4936A-0C53-4C12-8C18-433A21A01715}.Release|Any CPU.ActiveCfg = Release|Any CPU
		{6BB4936A-0C53-4C12-8C18-433A21A01715}.Release|Any CPU.Build.0 = Release|Any CPU
		{CBACE206-913F-42F2-AAA7-7E25B1A64889}.Debug|Any CPU.ActiveCfg = Debug|Any CPU
		{CBACE206-913F-42F2-AAA7-7E25B1A64889}.Debug|Any CPU.Build.0 = Debug|Any CPU
		{CBACE206-913F-42F2-AAA7-7E25B1A64889}.Release|Any CPU.ActiveCfg = Release|Any CPU
		{CBACE206-913F-42F2-AAA7-7E25B1A64889}.Release|Any CPU.Build.0 = Release|Any CPU
		{0AA3A4AD-4361-4A02-B70A-4C44382CEF24}.Debug|Any CPU.ActiveCfg = Debug|Any CPU
		{0AA3A4AD-4361-4A02-B70A-4C44382CEF24}.Debug|Any CPU.Build.0 = Debug|Any CPU
		{0AA3A4AD-4361-4A02-B70A-4C44382CEF24}.Release|Any CPU.ActiveCfg = Release|Any CPU
		{0AA3A4AD-4361-4A02-B70A-4C44382CEF24}.Release|Any CPU.Build.0 = Release|Any CPU
		{D04F76C0-AA20-41C1-8A9B-CCF14E3FA05D}.Debug|Any CPU.ActiveCfg = Debug|Any CPU
		{D04F76C0-AA20-41C1-8A9B-CCF14E3FA05D}.Debug|Any CPU.Build.0 = Debug|Any CPU
		{D04F76C0-AA20-41C1-8A9B-CCF14E3FA05D}.Release|Any CPU.ActiveCfg = Release|Any CPU
		{D04F76C0-AA20-41C1-8A9B-CCF14E3FA05D}.Release|Any CPU.Build.0 = Release|Any CPU
		{DD229421-4DAA-4489-A5AC-FB970255861A}.Debug|Any CPU.ActiveCfg = Debug|Any CPU
		{DD229421-4DAA-4489-A5AC-FB970255861A}.Debug|Any CPU.Build.0 = Debug|Any CPU
		{DD229421-4DAA-4489-A5AC-FB970255861A}.Release|Any CPU.ActiveCfg = Release|Any CPU
		{DD229421-4DAA-4489-A5AC-FB970255861A}.Release|Any CPU.Build.0 = Release|Any CPU
		{E8329D1E-F721-4221-8FA3-3B95862864C1}.Debug|Any CPU.ActiveCfg = Debug|Any CPU
		{E8329D1E-F721-4221-8FA3-3B95862864C1}.Debug|Any CPU.Build.0 = Debug|Any CPU
		{E8329D1E-F721-4221-8FA3-3B95862864C1}.Release|Any CPU.ActiveCfg = Release|Any CPU
		{E8329D1E-F721-4221-8FA3-3B95862864C1}.Release|Any CPU.Build.0 = Release|Any CPU
		{D2FF1443-A703-48AE-A942-39B40CB1BFE3}.Debug|Any CPU.ActiveCfg = Debug|Any CPU
		{D2FF1443-A703-48AE-A942-39B40CB1BFE3}.Debug|Any CPU.Build.0 = Debug|Any CPU
		{D2FF1443-A703-48AE-A942-39B40CB1BFE3}.Release|Any CPU.ActiveCfg = Release|Any CPU
		{D2FF1443-A703-48AE-A942-39B40CB1BFE3}.Release|Any CPU.Build.0 = Release|Any CPU
	EndGlobalSection
	GlobalSection(SolutionProperties) = preSolution
		HideSolutionNode = FALSE
	EndGlobalSection
	GlobalSection(NestedProjects) = preSolution
		{81D548B7-F20D-4CFF-BF10-59A5BF9A7313} = {E6FF5E57-E305-4DBD-9E73-130C11A4602C}
		{6BB4936A-0C53-4C12-8C18-433A21A01715} = {F9ECF5A0-2533-4D88-B5DC-EE3855AFE43A}
		{CBACE206-913F-42F2-AAA7-7E25B1A64889} = {F9ECF5A0-2533-4D88-B5DC-EE3855AFE43A}
		{0AA3A4AD-4361-4A02-B70A-4C44382CEF24} = {F9ECF5A0-2533-4D88-B5DC-EE3855AFE43A}
		{D04F76C0-AA20-41C1-8A9B-CCF14E3FA05D} = {E6FF5E57-E305-4DBD-9E73-130C11A4602C}
		{DD229421-4DAA-4489-A5AC-FB970255861A} = {A3908711-CC33-40D6-9524-166927E9D13C}
		{E8329D1E-F721-4221-8FA3-3B95862864C1} = {A3908711-CC33-40D6-9524-166927E9D13C}
		{D2FF1443-A703-48AE-A942-39B40CB1BFE3} = {E6FF5E57-E305-4DBD-9E73-130C11A4602C}
	EndGlobalSection
	GlobalSection(ExtensibilityGlobals) = postSolution
		SolutionGuid = {5B39CB1E-4D5F-4A8E-8E52-63343B8C1479}
	EndGlobalSection
EndGlobal
